
Microsoft Visual Studio Solution File, Format Version 12.00
# Visual Studio Version 16
VisualStudioVersion = 16.0.30011.22
MinimumVisualStudioVersion = 10.0.40219.1
Project("{FAE04EC0-301F-11D3-BF4B-00C04F79EFBC}") = "YIF_Backend", "YIF_Backend\YIF_Backend.csproj", "{903B04E6-828E-4225-99C9-8B8EA215472C}"
EndProject
Global
	GlobalSection(SolutionConfigurationPlatforms) = preSolution
		Debug|Any CPU = Debug|Any CPU
		Release|Any CPU = Release|Any CPU
	EndGlobalSection
	GlobalSection(ProjectConfigurationPlatforms) = postSolution
		{903B04E6-828E-4225-99C9-8B8EA215472C}.Debug|Any CPU.ActiveCfg = Debug|Any CPU
		{903B04E6-828E-4225-99C9-8B8EA215472C}.Debug|Any CPU.Build.0 = Debug|Any CPU
		{903B04E6-828E-4225-99C9-8B8EA215472C}.Release|Any CPU.ActiveCfg = Release|Any CPU
		{903B04E6-828E-4225-99C9-8B8EA215472C}.Release|Any CPU.Build.0 = Release|Any CPU
	EndGlobalSection
	GlobalSection(SolutionProperties) = preSolution
		HideSolutionNode = FALSE
	EndGlobalSection
	GlobalSection(ExtensibilityGlobals) = postSolution
		SolutionGuid = {254121D4-1D7B-4CC0-B3B8-BF7A8363E081}
	EndGlobalSection
EndGlobal
