
Microsoft Visual Studio Solution File, Format Version 12.00
# Visual Studio Version 16
VisualStudioVersion = 16.0.30011.22
MinimumVisualStudioVersion = 10.0.40219.1
Project("{FAE04EC0-301F-11D3-BF4B-00C04F79EFBC}") = "YIF_Backend", "YIF_Backend\YIF_Backend.csproj", "{903B04E6-828E-4225-99C9-8B8EA215472C}"
EndProject
Project("{FAE04EC0-301F-11D3-BF4B-00C04F79EFBC}") = "YIF.Core.Data", "YIF.Core.Data\YIF.Core.Data.csproj", "{BA67AC8F-DFB6-43F7-9466-6C6C5A0912D8}"
EndProject
Project("{FAE04EC0-301F-11D3-BF4B-00C04F79EFBC}") = "YIF.Core.Domain", "YIF.Core.Domain\YIF.Core.Domain.csproj", "{5687D791-D270-40DC-ACD5-6B86653D848A}"
EndProject
Project("{FAE04EC0-301F-11D3-BF4B-00C04F79EFBC}") = "YIF.Core.Service", "YIF.Core.Service\YIF.Core.Service.csproj", "{B7D8F254-BD96-4270-A331-6222C0B0F40F}"
EndProject
Global
	GlobalSection(SolutionConfigurationPlatforms) = preSolution
		Debug|Any CPU = Debug|Any CPU
		Release|Any CPU = Release|Any CPU
	EndGlobalSection
	GlobalSection(ProjectConfigurationPlatforms) = postSolution
		{903B04E6-828E-4225-99C9-8B8EA215472C}.Debug|Any CPU.ActiveCfg = Debug|Any CPU
		{903B04E6-828E-4225-99C9-8B8EA215472C}.Debug|Any CPU.Build.0 = Debug|Any CPU
		{903B04E6-828E-4225-99C9-8B8EA215472C}.Release|Any CPU.ActiveCfg = Release|Any CPU
		{903B04E6-828E-4225-99C9-8B8EA215472C}.Release|Any CPU.Build.0 = Release|Any CPU
		{BA67AC8F-DFB6-43F7-9466-6C6C5A0912D8}.Debug|Any CPU.ActiveCfg = Debug|Any CPU
		{BA67AC8F-DFB6-43F7-9466-6C6C5A0912D8}.Debug|Any CPU.Build.0 = Debug|Any CPU
		{BA67AC8F-DFB6-43F7-9466-6C6C5A0912D8}.Release|Any CPU.ActiveCfg = Release|Any CPU
		{BA67AC8F-DFB6-43F7-9466-6C6C5A0912D8}.Release|Any CPU.Build.0 = Release|Any CPU
		{5687D791-D270-40DC-ACD5-6B86653D848A}.Debug|Any CPU.ActiveCfg = Debug|Any CPU
		{5687D791-D270-40DC-ACD5-6B86653D848A}.Debug|Any CPU.Build.0 = Debug|Any CPU
		{5687D791-D270-40DC-ACD5-6B86653D848A}.Release|Any CPU.ActiveCfg = Release|Any CPU
		{5687D791-D270-40DC-ACD5-6B86653D848A}.Release|Any CPU.Build.0 = Release|Any CPU
		{B7D8F254-BD96-4270-A331-6222C0B0F40F}.Debug|Any CPU.ActiveCfg = Debug|Any CPU
		{B7D8F254-BD96-4270-A331-6222C0B0F40F}.Debug|Any CPU.Build.0 = Debug|Any CPU
		{B7D8F254-BD96-4270-A331-6222C0B0F40F}.Release|Any CPU.ActiveCfg = Release|Any CPU
		{B7D8F254-BD96-4270-A331-6222C0B0F40F}.Release|Any CPU.Build.0 = Release|Any CPU
	EndGlobalSection
	GlobalSection(SolutionProperties) = preSolution
		HideSolutionNode = FALSE
	EndGlobalSection
	GlobalSection(ExtensibilityGlobals) = postSolution
		SolutionGuid = {254121D4-1D7B-4CC0-B3B8-BF7A8363E081}
	EndGlobalSection
EndGlobal
