
Microsoft Visual Studio Solution File, Format Version 12.00
# Visual Studio Version 16
VisualStudioVersion = 16.0.30011.22
MinimumVisualStudioVersion = 10.0.40219.1
Project("{9A19103F-16F7-4668-BE54-9A1E7A4F7556}") = "YIF_Backend", "YIF_Backend\YIF_Backend.csproj", "{903B04E6-828E-4225-99C9-8B8EA215472C}"
EndProject
Project("{9A19103F-16F7-4668-BE54-9A1E7A4F7556}") = "YIF.Core.Domain", "YIF.Core.Domain\YIF.Core.Domain.csproj", "{D1C0CEEF-A8D9-443A-BA5C-D6AAD21D8FEF}"
EndProject
Project("{9A19103F-16F7-4668-BE54-9A1E7A4F7556}") = "YIF.Core.Service", "YIF.Core.Service\YIF.Core.Service.csproj", "{E598136F-BE80-4B72-A011-0FB461610A47}"
EndProject
Project("{9A19103F-16F7-4668-BE54-9A1E7A4F7556}") = "YIF_XUnitTests", "YIF_XUnitTests\YIF_XUnitTests.csproj", "{8881C5A5-453D-441B-BF17-AE78A7BBE8AD}"
EndProject
Project("{9A19103F-16F7-4668-BE54-9A1E7A4F7556}") = "YIF.Core.Data", "YIF.Core.Data\YIF.Core.Data.csproj", "{AA9383E3-E707-48A6-B740-F6D2BB04FC76}"
EndProject
Project("{D954291E-2A0B-460D-934E-DC6B0785DB48}") = "YIF.Shared", "YIF.Shared\YIF.Shared.shproj", "{4C6223A5-CC0E-4DDB-9593-4BA761359BD8}"
EndProject
Global
	GlobalSection(SharedMSBuildProjectFiles) = preSolution
		YIF.Shared\YIF.Shared.projitems*{4c6223a5-cc0e-4ddb-9593-4ba761359bd8}*SharedItemsImports = 13
		YIF.Shared\YIF.Shared.projitems*{8881c5a5-453d-441b-bf17-ae78a7bbe8ad}*SharedItemsImports = 5
		YIF.Shared\YIF.Shared.projitems*{903b04e6-828e-4225-99c9-8b8ea215472c}*SharedItemsImports = 5
		YIF.Shared\YIF.Shared.projitems*{aa9383e3-e707-48a6-b740-f6d2bb04fc76}*SharedItemsImports = 5
		YIF.Shared\YIF.Shared.projitems*{d1c0ceef-a8d9-443a-ba5c-d6aad21d8fef}*SharedItemsImports = 5
		YIF.Shared\YIF.Shared.projitems*{e598136f-be80-4b72-a011-0fb461610a47}*SharedItemsImports = 5
	EndGlobalSection
	GlobalSection(SolutionConfigurationPlatforms) = preSolution
		Debug|Any CPU = Debug|Any CPU
		Release|Any CPU = Release|Any CPU
	EndGlobalSection
	GlobalSection(ProjectConfigurationPlatforms) = postSolution
		{903B04E6-828E-4225-99C9-8B8EA215472C}.Debug|Any CPU.ActiveCfg = Debug|Any CPU
		{903B04E6-828E-4225-99C9-8B8EA215472C}.Debug|Any CPU.Build.0 = Debug|Any CPU
		{903B04E6-828E-4225-99C9-8B8EA215472C}.Release|Any CPU.ActiveCfg = Release|Any CPU
		{903B04E6-828E-4225-99C9-8B8EA215472C}.Release|Any CPU.Build.0 = Release|Any CPU
		{D1C0CEEF-A8D9-443A-BA5C-D6AAD21D8FEF}.Debug|Any CPU.ActiveCfg = Debug|Any CPU
		{D1C0CEEF-A8D9-443A-BA5C-D6AAD21D8FEF}.Debug|Any CPU.Build.0 = Debug|Any CPU
		{D1C0CEEF-A8D9-443A-BA5C-D6AAD21D8FEF}.Release|Any CPU.ActiveCfg = Release|Any CPU
		{D1C0CEEF-A8D9-443A-BA5C-D6AAD21D8FEF}.Release|Any CPU.Build.0 = Release|Any CPU
		{E598136F-BE80-4B72-A011-0FB461610A47}.Debug|Any CPU.ActiveCfg = Debug|Any CPU
		{E598136F-BE80-4B72-A011-0FB461610A47}.Debug|Any CPU.Build.0 = Debug|Any CPU
		{E598136F-BE80-4B72-A011-0FB461610A47}.Release|Any CPU.ActiveCfg = Release|Any CPU
		{E598136F-BE80-4B72-A011-0FB461610A47}.Release|Any CPU.Build.0 = Release|Any CPU
		{8881C5A5-453D-441B-BF17-AE78A7BBE8AD}.Debug|Any CPU.ActiveCfg = Debug|Any CPU
		{8881C5A5-453D-441B-BF17-AE78A7BBE8AD}.Debug|Any CPU.Build.0 = Debug|Any CPU
		{8881C5A5-453D-441B-BF17-AE78A7BBE8AD}.Release|Any CPU.ActiveCfg = Release|Any CPU
		{8881C5A5-453D-441B-BF17-AE78A7BBE8AD}.Release|Any CPU.Build.0 = Release|Any CPU
		{AA9383E3-E707-48A6-B740-F6D2BB04FC76}.Debug|Any CPU.ActiveCfg = Debug|Any CPU
		{AA9383E3-E707-48A6-B740-F6D2BB04FC76}.Debug|Any CPU.Build.0 = Debug|Any CPU
		{AA9383E3-E707-48A6-B740-F6D2BB04FC76}.Release|Any CPU.ActiveCfg = Release|Any CPU
		{AA9383E3-E707-48A6-B740-F6D2BB04FC76}.Release|Any CPU.Build.0 = Release|Any CPU
	EndGlobalSection
	GlobalSection(SolutionProperties) = preSolution
		HideSolutionNode = FALSE
	EndGlobalSection
	GlobalSection(ExtensibilityGlobals) = postSolution
		SolutionGuid = {254121D4-1D7B-4CC0-B3B8-BF7A8363E081}
	EndGlobalSection
EndGlobal
